
Microsoft Visual Studio Solution File, Format Version 12.00
# Visual Studio 15
VisualStudioVersion = 15.0.27130.2036
MinimumVisualStudioVersion = 10.0.40219.1
Project("{9A19103F-16F7-4668-BE54-9A1E7A4F7556}") = "Citolab.Repository", "Base\Citolab.Repository.csproj", "{B1AD0FF7-D98E-40AF-B689-C7E03AFD5265}"
EndProject
Project("{9A19103F-16F7-4668-BE54-9A1E7A4F7556}") = "Citolab.Repository.Mongo", "Mongo\Citolab.Repository.Mongo.csproj", "{E3F91F31-20BE-427E-B1C5-18DFDFF9223B}"
EndProject
Project("{2150E333-8FDC-42A3-9474-1A3956D46DE8}") = "Solution Items", "Solution Items", "{24037DF2-8D96-47D1-8DE5-3ED14B2B5099}"
	ProjectSection(SolutionItems) = preProject
		README.md = README.md
	EndProjectSection
EndProject
Project("{9A19103F-16F7-4668-BE54-9A1E7A4F7556}") = "Citolab.Repository.Mongo.Tests", "Citolab.Repository.Mongo.Tests\Citolab.Repository.Mongo.Tests.csproj", "{202372B8-53E0-49E2-8481-6F00FF1B4031}"
EndProject
Global
	GlobalSection(SolutionConfigurationPlatforms) = preSolution
		Debug|Any CPU = Debug|Any CPU
		Release|Any CPU = Release|Any CPU
	EndGlobalSection
	GlobalSection(ProjectConfigurationPlatforms) = postSolution
		{B1AD0FF7-D98E-40AF-B689-C7E03AFD5265}.Debug|Any CPU.ActiveCfg = Debug|Any CPU
		{B1AD0FF7-D98E-40AF-B689-C7E03AFD5265}.Debug|Any CPU.Build.0 = Debug|Any CPU
		{B1AD0FF7-D98E-40AF-B689-C7E03AFD5265}.Release|Any CPU.ActiveCfg = Release|Any CPU
		{B1AD0FF7-D98E-40AF-B689-C7E03AFD5265}.Release|Any CPU.Build.0 = Release|Any CPU
		{E3F91F31-20BE-427E-B1C5-18DFDFF9223B}.Debug|Any CPU.ActiveCfg = Debug|Any CPU
		{E3F91F31-20BE-427E-B1C5-18DFDFF9223B}.Debug|Any CPU.Build.0 = Debug|Any CPU
		{E3F91F31-20BE-427E-B1C5-18DFDFF9223B}.Release|Any CPU.ActiveCfg = Release|Any CPU
		{E3F91F31-20BE-427E-B1C5-18DFDFF9223B}.Release|Any CPU.Build.0 = Release|Any CPU
		{202372B8-53E0-49E2-8481-6F00FF1B4031}.Debug|Any CPU.ActiveCfg = Debug|Any CPU
		{202372B8-53E0-49E2-8481-6F00FF1B4031}.Debug|Any CPU.Build.0 = Debug|Any CPU
		{202372B8-53E0-49E2-8481-6F00FF1B4031}.Release|Any CPU.ActiveCfg = Release|Any CPU
		{202372B8-53E0-49E2-8481-6F00FF1B4031}.Release|Any CPU.Build.0 = Release|Any CPU
	EndGlobalSection
	GlobalSection(SolutionProperties) = preSolution
		HideSolutionNode = FALSE
	EndGlobalSection
	GlobalSection(ExtensibilityGlobals) = postSolution
		SolutionGuid = {BAFA76C7-9A82-4E16-A685-B5C3ED2F64C3}
	EndGlobalSection
EndGlobal
